
Microsoft Visual Studio Solution File, Format Version 12.00
# Visual Studio Version 17
VisualStudioVersion = 17.0.31903.59
MinimumVisualStudioVersion = 10.0.40219.1
Project("{FAE04EC0-301F-11D3-BF4B-00C04F79EFBC}") = "HomeworkOneProject", "..\HomeworkOneProject\HomeworkOneProject.csproj", "{1BE66F94-5359-440F-8486-E15F3F394BE6}"
EndProject
Project("{FAE04EC0-301F-11D3-BF4B-00C04F79EFBC}") = "HomeworkOneTest", "..\HomeworkOneTest\HomeworkOneTest.csproj", "{5F494EB5-F240-409B-B1A8-DC1AF4C3AF16}"
EndProject
Global
	GlobalSection(SolutionConfigurationPlatforms) = preSolution
		Debug|Any CPU = Debug|Any CPU
		Release|Any CPU = Release|Any CPU
	EndGlobalSection
	GlobalSection(SolutionProperties) = preSolution
		HideSolutionNode = FALSE
	EndGlobalSection
	GlobalSection(ProjectConfigurationPlatforms) = postSolution
		{1BE66F94-5359-440F-8486-E15F3F394BE6}.Debug|Any CPU.ActiveCfg = Debug|Any CPU
		{1BE66F94-5359-440F-8486-E15F3F394BE6}.Debug|Any CPU.Build.0 = Debug|Any CPU
		{1BE66F94-5359-440F-8486-E15F3F394BE6}.Release|Any CPU.ActiveCfg = Release|Any CPU
		{1BE66F94-5359-440F-8486-E15F3F394BE6}.Release|Any CPU.Build.0 = Release|Any CPU
		{5F494EB5-F240-409B-B1A8-DC1AF4C3AF16}.Debug|Any CPU.ActiveCfg = Debug|Any CPU
		{5F494EB5-F240-409B-B1A8-DC1AF4C3AF16}.Debug|Any CPU.Build.0 = Debug|Any CPU
		{5F494EB5-F240-409B-B1A8-DC1AF4C3AF16}.Release|Any CPU.ActiveCfg = Release|Any CPU
		{5F494EB5-F240-409B-B1A8-DC1AF4C3AF16}.Release|Any CPU.Build.0 = Release|Any CPU
	EndGlobalSection
EndGlobal
